
Microsoft Visual Studio Solution File, Format Version 12.00
# Visual Studio Version 16
VisualStudioVersion = 16.0.29424.173
MinimumVisualStudioVersion = 10.0.40219.1
Project("{FAE04EC0-301F-11D3-BF4B-00C04F79EFBC}") = "TreinoVirtual", "TreinoVirtual\TreinoVirtual.csproj", "{30B1656A-E702-4D2C-B0A8-2B9FEF9284F1}"
EndProject
Global
	GlobalSection(SolutionConfigurationPlatforms) = preSolution
		Debug|Any CPU = Debug|Any CPU
		Release|Any CPU = Release|Any CPU
	EndGlobalSection
	GlobalSection(ProjectConfigurationPlatforms) = postSolution
		{30B1656A-E702-4D2C-B0A8-2B9FEF9284F1}.Debug|Any CPU.ActiveCfg = Debug|Any CPU
		{30B1656A-E702-4D2C-B0A8-2B9FEF9284F1}.Debug|Any CPU.Build.0 = Debug|Any CPU
		{30B1656A-E702-4D2C-B0A8-2B9FEF9284F1}.Release|Any CPU.ActiveCfg = Release|Any CPU
		{30B1656A-E702-4D2C-B0A8-2B9FEF9284F1}.Release|Any CPU.Build.0 = Release|Any CPU
	EndGlobalSection
	GlobalSection(SolutionProperties) = preSolution
		HideSolutionNode = FALSE
	EndGlobalSection
	GlobalSection(ExtensibilityGlobals) = postSolution
		SolutionGuid = {E10341F6-6A4E-4687-9E20-DB70D4022199}
	EndGlobalSection
EndGlobal
